
Microsoft Visual Studio Solution File, Format Version 12.00
# Visual Studio Version 17
VisualStudioVersion = 17.2.32616.157
MinimumVisualStudioVersion = 10.0.40219.1
Project("{FAE04EC0-301F-11D3-BF4B-00C04F79EFBC}") = "DBSoft.FMPCloud.Tests", "DBSoft.FMPCloud.Tests.csproj", "{55AE8985-159C-46EF-B8EE-DFBB102CDADE}"
EndProject
Project("{9A19103F-16F7-4668-BE54-9A1E7A4F7556}") = "DBSoft.FMPCloud", "..\DBSoft.FMPCloud\DBSoft.FMPCloud.csproj", "{37C6FE98-D259-4E96-B5AC-A2F60CE0E329}"
EndProject
Global
	GlobalSection(SolutionConfigurationPlatforms) = preSolution
		Debug|Any CPU = Debug|Any CPU
		Release|Any CPU = Release|Any CPU
	EndGlobalSection
	GlobalSection(ProjectConfigurationPlatforms) = postSolution
		{55AE8985-159C-46EF-B8EE-DFBB102CDADE}.Debug|Any CPU.ActiveCfg = Debug|Any CPU
		{55AE8985-159C-46EF-B8EE-DFBB102CDADE}.Debug|Any CPU.Build.0 = Debug|Any CPU
		{55AE8985-159C-46EF-B8EE-DFBB102CDADE}.Release|Any CPU.ActiveCfg = Release|Any CPU
		{55AE8985-159C-46EF-B8EE-DFBB102CDADE}.Release|Any CPU.Build.0 = Release|Any CPU
		{37C6FE98-D259-4E96-B5AC-A2F60CE0E329}.Debug|Any CPU.ActiveCfg = Debug|Any CPU
		{37C6FE98-D259-4E96-B5AC-A2F60CE0E329}.Debug|Any CPU.Build.0 = Debug|Any CPU
		{37C6FE98-D259-4E96-B5AC-A2F60CE0E329}.Release|Any CPU.ActiveCfg = Release|Any CPU
		{37C6FE98-D259-4E96-B5AC-A2F60CE0E329}.Release|Any CPU.Build.0 = Release|Any CPU
	EndGlobalSection
	GlobalSection(SolutionProperties) = preSolution
		HideSolutionNode = FALSE
	EndGlobalSection
	GlobalSection(ExtensibilityGlobals) = postSolution
		SolutionGuid = {E96104AE-4DD0-4510-B7A8-9DFB6EB89D70}
	EndGlobalSection
EndGlobal
